
Microsoft Visual Studio Solution File, Format Version 12.00
# Visual Studio 14
VisualStudioVersion = 14.0.25420.1
MinimumVisualStudioVersion = 10.0.40219.1
Project("{FAE04EC0-301F-11D3-BF4B-00C04F79EFBC}") = "ProfERP.Netduino.GCodeParser", "ProfERP.Netduino.GCodeParser\ProfERP.Netduino.GCodeParser.csproj", "{D4C517BE-F99B-4991-B9F4-B61BE8A0F390}"
EndProject
Project("{FAE04EC0-301F-11D3-BF4B-00C04F79EFBC}") = "TestApp", "TestApp\TestApp.csproj", "{F840548C-2851-491C-A94B-0AD3E7B74373}"
EndProject
Global
	GlobalSection(SolutionConfigurationPlatforms) = preSolution
		Debug|Any CPU = Debug|Any CPU
		Release|Any CPU = Release|Any CPU
	EndGlobalSection
	GlobalSection(ProjectConfigurationPlatforms) = postSolution
		{D4C517BE-F99B-4991-B9F4-B61BE8A0F390}.Debug|Any CPU.ActiveCfg = Debug|Any CPU
		{D4C517BE-F99B-4991-B9F4-B61BE8A0F390}.Debug|Any CPU.Build.0 = Debug|Any CPU
		{D4C517BE-F99B-4991-B9F4-B61BE8A0F390}.Debug|Any CPU.Deploy.0 = Debug|Any CPU
		{D4C517BE-F99B-4991-B9F4-B61BE8A0F390}.Release|Any CPU.ActiveCfg = Release|Any CPU
		{D4C517BE-F99B-4991-B9F4-B61BE8A0F390}.Release|Any CPU.Build.0 = Release|Any CPU
		{D4C517BE-F99B-4991-B9F4-B61BE8A0F390}.Release|Any CPU.Deploy.0 = Release|Any CPU
		{F840548C-2851-491C-A94B-0AD3E7B74373}.Debug|Any CPU.ActiveCfg = Debug|Any CPU
		{F840548C-2851-491C-A94B-0AD3E7B74373}.Debug|Any CPU.Build.0 = Debug|Any CPU
		{F840548C-2851-491C-A94B-0AD3E7B74373}.Debug|Any CPU.Deploy.0 = Debug|Any CPU
		{F840548C-2851-491C-A94B-0AD3E7B74373}.Release|Any CPU.ActiveCfg = Release|Any CPU
		{F840548C-2851-491C-A94B-0AD3E7B74373}.Release|Any CPU.Build.0 = Release|Any CPU
		{F840548C-2851-491C-A94B-0AD3E7B74373}.Release|Any CPU.Deploy.0 = Release|Any CPU
	EndGlobalSection
	GlobalSection(SolutionProperties) = preSolution
		HideSolutionNode = FALSE
	EndGlobalSection
EndGlobal
